
Microsoft Visual Studio Solution File, Format Version 12.00
# Visual Studio Version 17
VisualStudioVersion = 17.14.36109.1
MinimumVisualStudioVersion = 10.0.40219.1
Project("{FAE04EC0-301F-11D3-BF4B-00C04F79EFBC}") = "ProgrammingClubAPI", "ProgrammingClubAPI\ProgrammingClubAPI.csproj", "{692F78FA-50BC-4B3A-9385-7496C0349343}"
EndProject
Project("{FAE04EC0-301F-11D3-BF4B-00C04F79EFBC}") = "ProgrammingClubAPI.UnitTests", "ProgrammingClubAPI.UnitTests\ProgrammingClubAPI.UnitTests.csproj", "{8D9CA035-1678-465D-9C15-2B72865DB91A}"
EndProject
Project("{FAE04EC0-301F-11D3-BF4B-00C04F79EFBC}") = "ProgrammingClubAPI.SpecsTests", "ProgrammingClubAPI.SpecsTests\ProgrammingClubAPI.SpecsTests.csproj", "{D5E477A8-9400-4292-A7B1-497216075002}"
EndProject
Global
	GlobalSection(SolutionConfigurationPlatforms) = preSolution
		Debug|Any CPU = Debug|Any CPU
		Release|Any CPU = Release|Any CPU
	EndGlobalSection
	GlobalSection(ProjectConfigurationPlatforms) = postSolution
		{692F78FA-50BC-4B3A-9385-7496C0349343}.Debug|Any CPU.ActiveCfg = Debug|Any CPU
		{692F78FA-50BC-4B3A-9385-7496C0349343}.Debug|Any CPU.Build.0 = Debug|Any CPU
		{692F78FA-50BC-4B3A-9385-7496C0349343}.Release|Any CPU.ActiveCfg = Release|Any CPU
		{692F78FA-50BC-4B3A-9385-7496C0349343}.Release|Any CPU.Build.0 = Release|Any CPU
		{8D9CA035-1678-465D-9C15-2B72865DB91A}.Debug|Any CPU.ActiveCfg = Debug|Any CPU
		{8D9CA035-1678-465D-9C15-2B72865DB91A}.Debug|Any CPU.Build.0 = Debug|Any CPU
		{8D9CA035-1678-465D-9C15-2B72865DB91A}.Release|Any CPU.ActiveCfg = Release|Any CPU
		{8D9CA035-1678-465D-9C15-2B72865DB91A}.Release|Any CPU.Build.0 = Release|Any CPU
		{D5E477A8-9400-4292-A7B1-497216075002}.Debug|Any CPU.ActiveCfg = Debug|Any CPU
		{D5E477A8-9400-4292-A7B1-497216075002}.Debug|Any CPU.Build.0 = Debug|Any CPU
		{D5E477A8-9400-4292-A7B1-497216075002}.Release|Any CPU.ActiveCfg = Release|Any CPU
		{D5E477A8-9400-4292-A7B1-497216075002}.Release|Any CPU.Build.0 = Release|Any CPU
	EndGlobalSection
	GlobalSection(SolutionProperties) = preSolution
		HideSolutionNode = FALSE
	EndGlobalSection
	GlobalSection(ExtensibilityGlobals) = postSolution
		SolutionGuid = {906D53E1-362E-4663-A0E5-9414FFB28276}
	EndGlobalSection
EndGlobal
